# This file is automatically @generated by Cargo.
# It is not intended for manual editing.
version = 4

[[package]]
name = "aho-corasick"
version = "1.1.5"
source = "registry+https://github.com/rust-lang/crates.io-index"
checksum = "c982642fa9e8606056828ee9a8505737230110bb1099153c79efe865c59d12ba"
dependencies = [
 "memchr",
]

[[package]]
name = "anstream"
version = "1.0.0"
source = "registry+https://github.com/rust-lang/crates.io-index"
checksum = "824a212faf96e9acacdbd09febd34438f8f711fb84e09a8916013cd7815ca28d"
dependencies = [
 "anstyle",
 "anstyle-parse",
 "anstyle-query",
 "anstyle-wincon",
 "colorchoice",
 "is_terminal_polyfill",
 "utf8parse",
]

[[package]]
name = "anstyle"
version = "1.0.14"
source = "registry+https://github.com/rust-lang/crates.io-index"
checksum = "940b3a0ca603d1eade50a4846a2afffd5ef57a9feac2c0e2ec2e14f9ead76000"

[[package]]
name = "anstyle-parse"
version = "1.0.0"
source = "registry+https://github.com/rust-lang/crates.io-index"
checksum = "52ce7f38b242319f7cabaa6813055467063ecdc9d355bbb4ce0c68908cd8130e"
dependencies = [
 "utf8parse",
]

[[package]]
name = "anstyle-query"
version = "1.1.5"
source = "registry+https://github.com/rust-lang/crates.io-index"
checksum = "40c48f72fd53cd289104fc64099abca73db4166ad86ea0b4341abe65af83dadc"
dependencies = [
 "windows-sys",
]

[[package]]
name = "anstyle-wincon"
version = "3.0.11"
source = "registry+https://github.com/rust-lang/crates.io-index"
checksum = "291e6a250ff86cd4a820112fb8898808a366d8f9f58ce16d1f538353ad55747d"
dependencies = [
 "anstyle",
 "once_cell_polyfill",
 "windows-sys",
]

[[package]]
name = "anyhow"
version = "1.0.104"
source = "registry+https://github.com/rust-lang/crates.io-index"
checksum = "330a5ed07fa54e4702c9d6c4174f74427fc0ef6e214bbd677ae50a5099946470"

[[package]]
name = "atk"
version = "0.15.1"
source = "registry+https://github.com/rust-lang/crates.io-index"
checksum = "2c3d816ce6f0e2909a96830d6911c2aff044370b1ef92d7f267b43bae5addedd"
dependencies = [
 "atk-sys",
 "bitflags",
 "glib",
 "libc",
]

[[package]]
name = "atk-sys"
version = "0.15.1"
source = "registry+https://github.com/rust-lang/crates.io-index"
checksum = "58aeb089fb698e06db8089971c7ee317ab9644bade33383f63631437b03aafb6"
dependencies = [
 "glib-sys",
 "gobject-sys",
 "libc",
 "system-deps",
]

[[package]]
name = "autocfg"
version = "1.5.1"
source = "registry+https://github.com/rust-lang/crates.io-index"
checksum = "f2032f911046de80f0a198e0901378627c33f59ea0ac00e363d481118bd70a53"

[[package]]
name = "bitflags"
version = "1.3.2"
source = "registry+https://github.com/rust-lang/crates.io-index"
checksum = "bef38d45163c2f1dde094a7dfd33ccf595c92905c8f8f4fdc18d06fb1037718a"

[[package]]
name = "block"
version = "0.1.6"
source = "registry+https://github.com/rust-lang/crates.io-index"
checksum = "0d8c1fef690941d3e7788d328517591fecc684c084084702d6ff1641e993699a"

[[package]]
name = "bstr"
version = "1.13.1"
source = "registry+https://github.com/rust-lang/crates.io-index"
checksum = "6bb31b46c14244e20ee9984b11bf5c992b91fb6939fea616e3512c8baecdbe5f"
dependencies = [
 "memchr",
 "regex-automata",
 "serde_core",
]

[[package]]
name = "bumpalo"
version = "3.20.3"
source = "registry+https://github.com/rust-lang/crates.io-index"
checksum = "72f5acc6cb2ba439de613abc23857ec3d78374d8ed5ac84e9d11336e87da8649"

[[package]]
name = "cairo-rs"
version = "0.15.12"
source = "registry+https://github.com/rust-lang/crates.io-index"
checksum = "c76ee391b03d35510d9fa917357c7f1855bd9a6659c95a1b392e33f49b3369bc"
dependencies = [
 "bitflags",
 "cairo-sys-rs",
 "glib",
 "libc",
 "thiserror 1.0.69",
]

[[package]]
name = "cairo-sys-rs"
version = "0.15.1"
source = "registry+https://github.com/rust-lang/crates.io-index"
checksum = "3c55d429bef56ac9172d25fecb85dc8068307d17acd74b377866b7a1ef25d3c8"
dependencies = [
 "glib-sys",
 "libc",
 "system-deps",
]

[[package]]
name = "cc"
version = "1.4.4"
source = "registry+https://github.com/rust-lang/crates.io-index"
checksum = "0ad534f4357a5264cce5019c989cf66a4f0dc4e0d1b1d15f8aacec0ff7360273"
dependencies = [
 "find-msvc-tools",
 "shlex 2.0.1",
]

[[package]]
name = "cfg-expr"
version = "0.15.8"
source = "registry+https://github.com/rust-lang/crates.io-index"
checksum = "d067ad48b8650848b989a59a86c6c36a995d02d2bf778d45c3c5d57bc2718f02"
dependencies = [
 "smallvec",
 "target-lexicon",
]

[[package]]
name = "cfg-if"
version = "1.0.4"
source = "registry+https://github.com/rust-lang/crates.io-index"
checksum = "9330f8b2ff13f34540b44e946ef35111825727b38d33286ef986142615121801"

[[package]]
name = "colorchoice"
version = "1.0.5"
source = "registry+https://github.com/rust-lang/crates.io-index"
checksum = "1d07550c9036bf2ae0c684c4297d503f838287c83c53686d05370d0e139ae570"

[[package]]
name = "defmt"
version = "1.1.1"
source = "registry+https://github.com/rust-lang/crates.io-index"
checksum = "e2953bfe4f93bbd20cc71198842756f77d161884c99ebbabc41d80231ded88d1"
dependencies = [
 "bitflags",
 "defmt-macros",
]

[[package]]
name = "defmt-macros"
version = "1.1.1"
source = "registry+https://github.com/rust-lang/crates.io-index"
checksum = "bad9c72e7ca2137e0dc3813245a0d282fd6daad32fd800af018306a9169b5fe8"
dependencies = [
 "defmt-parser",
 "proc-macro2",
 "quote",
 "syn 2.0.119",
]

[[package]]
name = "defmt-parser"
version = "1.0.0"
source = "registry+https://github.com/rust-lang/crates.io-index"
checksum = "10d60334b3b2e7c9d91ef8150abfb6fa4c1c39ebbcf4a81c2e346aad939fee3e"
dependencies = [
 "thiserror 2.0.20",
]

[[package]]
name = "env_filter"
version = "2.0.0"
source = "registry+https://github.com/rust-lang/crates.io-index"
checksum = "900d271a03799a1ee8d1ca9b19893b48ca674a9284fefcfb85f05e74ed314217"
dependencies = [
 "log",
 "regex",
]

[[package]]
name = "env_logger"
version = "0.11.11"
source = "registry+https://github.com/rust-lang/crates.io-index"
checksum = "de671bd27a75a797dc9ae289ba1e77276e75e2026408aab65185384e2d5cd3f6"
dependencies = [
 "anstream",
 "anstyle",
 "env_filter",
 "jiff",
 "log",
]

[[package]]
name = "equivalent"
version = "1.0.2"
source = "registry+https://github.com/rust-lang/crates.io-index"
checksum = "877a4ace8713b0bcf2a4e7eec82529c029f1d0619886d18145fea96c3ffe5c0f"

[[package]]
name = "field-offset"
version = "0.3.6"
source = "registry+https://github.com/rust-lang/crates.io-index"
checksum = "38e2275cc4e4fc009b0669731a1e5ab7ebf11f469eaede2bab9309a5b4d6057f"
dependencies = [
 "memoffset",
 "rustc_version",
]

[[package]]
name = "find-msvc-tools"
version = "0.1.11"
source = "registry+https://github.com/rust-lang/crates.io-index"
checksum = "d45db016d36b838f563236e9193d0ee6ce38f3f68b6c94e914b4929c96bbb890"

[[package]]
name = "freedesktop-desktop-entry"
version = "0.7.19"
source = "registry+https://github.com/rust-lang/crates.io-index"
checksum = "528df05c8ed0bfd569c7018914ba1995be2a133ba9ead17628ddb0ff94b86331"
dependencies = [
 "bstr",
 "gettext-rs",
 "log",
 "memchr",
 "thiserror 2.0.20",
 "unicase",
 "xdg 3.0.0",
]

[[package]]
name = "futures-channel"
version = "0.3.34"
source = "registry+https://github.com/rust-lang/crates.io-index"
checksum = "b1f9e3d69d39e4862ffed03ed071a76f9a13ba1d9109d355b0f0aa6b15e393c4"
dependencies = [
 "futures-core",
]

[[package]]
name = "futures-core"
version = "0.3.34"
source = "registry+https://github.com/rust-lang/crates.io-index"
checksum = "92d699e522242e69e3003b94ecc1f960f3a5e015aa7c5d7486e65ad01dd94f5e"

[[package]]
name = "futures-executor"
version = "0.3.34"
source = "registry+https://github.com/rust-lang/crates.io-index"
checksum = "031b47cf1a3c6cc8bc2fc76cd437f521619387907d469316e7c0bc278f1f5432"
dependencies = [
 "futures-core",
 "futures-task",
 "futures-util",
]

[[package]]
name = "futures-io"
version = "0.3.34"
source = "registry+https://github.com/rust-lang/crates.io-index"
checksum = "53c0fa8157de1303bfffdaa1cc2a673bfffb60102f76b0ef4441659124373fed"

[[package]]
name = "futures-task"
version = "0.3.34"
source = "registry+https://github.com/rust-lang/crates.io-index"
checksum = "cd417de3d1d015fc3bfd2b1ea46dfc7bab72ef86f1cc7cc9c78e728b34a6d1fd"

[[package]]
name = "futures-util"
version = "0.3.34"
source = "registry+https://github.com/rust-lang/crates.io-index"
checksum = "0d50a92467f8ba5dd6e3ee5d4bd04d73ab2e4e1c44474a0674821dfce14b79bc"
dependencies = [
 "futures-core",
 "futures-task",
 "pin-project-lite",
 "slab",
]

[[package]]
name = "fuzzy-matcher"
version = "0.3.7"
source = "registry+https://github.com/rust-lang/crates.io-index"
checksum = "54614a3312934d066701a80f20f15fa3b56d67ac7722b39eea5b4c9dd1d66c94"
dependencies = [
 "thread_local",
]

[[package]]
name = "gdk"
version = "0.15.4"
source = "registry+https://github.com/rust-lang/crates.io-index"
checksum = "a6e05c1f572ab0e1f15be94217f0dc29088c248b14f792a5ff0af0d84bcda9e8"
dependencies = [
 "bitflags",
 "cairo-rs",
 "gdk-pixbuf",
 "gdk-sys",
 "gio",
 "glib",
 "libc",
 "pango",
]

[[package]]
name = "gdk-pixbuf"
version = "0.15.11"
source = "registry+https://github.com/rust-lang/crates.io-index"
checksum = "ad38dd9cc8b099cceecdf41375bb6d481b1b5a7cd5cd603e10a69a9383f8619a"
dependencies = [
 "bitflags",
 "gdk-pixbuf-sys",
 "gio",
 "glib",
 "libc",
]

[[package]]
name = "gdk-pixbuf-sys"
version = "0.15.10"
source = "registry+https://github.com/rust-lang/crates.io-index"
checksum = "140b2f5378256527150350a8346dbdb08fadc13453a7a2d73aecd5fab3c402a7"
dependencies = [
 "gio-sys",
 "glib-sys",
 "gobject-sys",
 "libc",
 "system-deps",
]

[[package]]
name = "gdk-sys"
version = "0.15.1"
source = "registry+https://github.com/rust-lang/crates.io-index"
checksum = "32e7a08c1e8f06f4177fb7e51a777b8c1689f743a7bc11ea91d44d2226073a88"
dependencies = [
 "cairo-sys-rs",
 "gdk-pixbuf-sys",
 "gio-sys",
 "glib-sys",
 "gobject-sys",
 "libc",
 "pango-sys",
 "pkg-config",
 "system-deps",
]

[[package]]
name = "getrandom"
version = "0.4.3"
source = "registry+https://github.com/rust-lang/crates.io-index"
checksum = "300e883d756b2e4ec94e02791f39b04b522276138852cfc41d9fb7e904106099"
dependencies = [
 "cfg-if",
 "libc",
 "r-efi",
]

[[package]]
name = "gettext-rs"
version = "0.7.7"
source = "registry+https://github.com/rust-lang/crates.io-index"
checksum = "5d5857dc1b7f0fee86961de833f434e29494d72af102ce5355738c0664222bdf"
dependencies = [
 "gettext-sys",
 "locale_config",
]

[[package]]
name = "gettext-sys"
version = "0.26.0"
source = "registry+https://github.com/rust-lang/crates.io-index"
checksum = "4ea859ab0dd7e70ff823032b3e077d03d39c965d68c6c10775add60e999d8ee9"
dependencies = [
 "cc",
 "temp-dir",
]

[[package]]
name = "gio"
version = "0.15.12"
source = "registry+https://github.com/rust-lang/crates.io-index"
checksum = "68fdbc90312d462781a395f7a16d96a2b379bb6ef8cd6310a2df272771c4283b"
dependencies = [
 "bitflags",
 "futures-channel",
 "futures-core",
 "futures-io",
 "gio-sys",
 "glib",
 "libc",
 "once_cell",
 "thiserror 1.0.69",
]

[[package]]
name = "gio-sys"
version = "0.15.10"
source = "registry+https://github.com/rust-lang/crates.io-index"
checksum = "32157a475271e2c4a023382e9cab31c4584ee30a97da41d3c4e9fdd605abcf8d"
dependencies = [
 "glib-sys",
 "gobject-sys",
 "libc",
 "system-deps",
 "winapi",
]

[[package]]
name = "glib"
version = "0.15.12"
source = "registry+https://github.com/rust-lang/crates.io-index"
checksum = "edb0306fbad0ab5428b0ca674a23893db909a98582969c9b537be4ced78c505d"
dependencies = [
 "bitflags",
 "futures-channel",
 "futures-core",
 "futures-executor",
 "futures-task",
 "glib-macros",
 "glib-sys",
 "gobject-sys",
 "libc",
 "once_cell",
 "smallvec",
 "thiserror 1.0.69",
]

[[package]]
name = "glib-macros"
version = "0.15.13"
source = "registry+https://github.com/rust-lang/crates.io-index"
checksum = "10c6ae9f6fa26f4fb2ac16b528d138d971ead56141de489f8111e259b9df3c4a"
dependencies = [
 "anyhow",
 "heck 0.4.1",
 "proc-macro-crate",
 "proc-macro-error",
 "proc-macro2",
 "quote",
 "syn 1.0.109",
]

[[package]]
name = "glib-sys"
version = "0.15.10"
source = "registry+https://github.com/rust-lang/crates.io-index"
checksum = "ef4b192f8e65e9cf76cbf4ea71fa8e3be4a0e18ffe3d68b8da6836974cc5bad4"
dependencies = [
 "libc",
 "system-deps",
]

[[package]]
name = "gobject-sys"
version = "0.15.10"
source = "registry+https://github.com/rust-lang/crates.io-index"
checksum = "0d57ce44246becd17153bd035ab4d32cfee096a657fc01f2231c9278378d1e0a"
dependencies = [
 "glib-sys",
 "libc",
 "system-deps",
]

[[package]]
name = "gtk"
version = "0.15.5"
source = "registry+https://github.com/rust-lang/crates.io-index"
checksum = "92e3004a2d5d6d8b5057d2b57b3712c9529b62e82c77f25c1fecde1fd5c23bd0"
dependencies = [
 "atk",
 "bitflags",
 "cairo-rs",
 "field-offset",
 "futures-channel",
 "gdk",
 "gdk-pixbuf",
 "gio",
 "glib",
 "gtk-sys",
 "gtk3-macros",
 "libc",
 "once_cell",
 "pango",
 "pkg-config",
]

[[package]]
name = "gtk-layer-shell"
version = "0.4.4"
source = "registry+https://github.com/rust-lang/crates.io-index"
checksum = "4316ff523ae445bd6efaf253f217598dd074619fe67b9199b5b0cd5ff99144da"
dependencies = [
 "bitflags",
 "gdk",
 "glib",
 "glib-sys",
 "gtk",
 "gtk-layer-shell-sys",
 "libc",
]

[[package]]
name = "gtk-layer-shell-sys"
version = "0.4.4"
source = "registry+https://github.com/rust-lang/crates.io-index"
checksum = "ff60230d690445577655416055dbd279d05631b03ab07f935e39f5fe81084c0a"
dependencies = [
 "gdk-sys",
 "glib-sys",
 "gtk-sys",
 "libc",
 "system-deps",
]

[[package]]
name = "gtk-sys"
version = "0.15.3"
source = "registry+https://github.com/rust-lang/crates.io-index"
checksum = "d5bc2f0587cba247f60246a0ca11fe25fb733eabc3de12d1965fc07efab87c84"
dependencies = [
 "atk-sys",
 "cairo-sys-rs",
 "gdk-pixbuf-sys",
 "gdk-sys",
 "gio-sys",
 "glib-sys",
 "gobject-sys",
 "libc",
 "pango-sys",
 "system-deps",
]

[[package]]
name = "gtk3-macros"
version = "0.15.6"
source = "registry+https://github.com/rust-lang/crates.io-index"
checksum = "684c0456c086e8e7e9af73ec5b84e35938df394712054550e81558d21c44ab0d"
dependencies = [
 "anyhow",
 "proc-macro-crate",
 "proc-macro-error",
 "proc-macro2",
 "quote",
 "syn 1.0.109",
]

[[package]]
name = "hashbrown"
version = "0.17.1"
source = "registry+https://github.com/rust-lang/crates.io-index"
checksum = "ed5909b6e89a2db4456e54cd5f673791d7eca6732202bbf2a9cc504fe2f9b84a"

[[package]]
name = "heck"
version = "0.4.1"
source = "registry+https://github.com/rust-lang/crates.io-index"
checksum = "95505c38b4572b2d910cecb0281560f54b440a19336cbbcb27bf6ce6adc6f5a8"

[[package]]
name = "heck"
version = "0.5.0"
source = "registry+https://github.com/rust-lang/crates.io-index"
checksum = "2304e00983f87ffb38b55b444b5e3b60a884b5d30c0fca7d82fe33449bbe55ea"

[[package]]
name = "indexmap"
version = "2.14.0"
source = "registry+https://github.com/rust-lang/crates.io-index"
checksum = "d466e9454f08e4a911e14806c24e16fba1b4c121d1ea474396f396069cf949d9"
dependencies = [
 "equivalent",
 "hashbrown",
]

[[package]]
name = "is_terminal_polyfill"
version = "1.70.2"
source = "registry+https://github.com/rust-lang/crates.io-index"
checksum = "a6cb138bb79a146c1bd460005623e142ef0181e3d0219cb493e02f7d08a35695"

[[package]]
name = "jiff"
version = "0.2.35"
source = "registry+https://github.com/rust-lang/crates.io-index"
checksum = "668b7183bd07af9a4885f5c35b0cc5c83c4607a913c16b7e17291832910d2dcc"
dependencies = [
 "defmt",
 "jiff-core",
 "jiff-static",
 "log",
 "portable-atomic",
 "portable-atomic-util",
 "serde_core",
]

[[package]]
name = "jiff-core"
version = "0.1.0"
source = "registry+https://github.com/rust-lang/crates.io-index"
checksum = "7feca88439efe53da3754500c1851dedf3cb36c524dd5cf8225cc0794de95d09"
dependencies = [
 "defmt",
]

[[package]]
name = "jiff-static"
version = "0.2.35"
source = "registry+https://github.com/rust-lang/crates.io-index"
checksum = "3a69dcb3a21cfb32ce1cd056169337ca284af0766dd766e7878819b251a49204"
dependencies = [
 "jiff-core",
 "proc-macro2",
 "quote",
 "syn 2.0.119",
]

[[package]]
name = "js-sys"
version = "0.3.104"
source = "registry+https://github.com/rust-lang/crates.io-index"
checksum = "0e0c1080212aad755ea003d18543e8768dd432c48819efd73a7bf1e39b7a5a3a"
dependencies = [
 "cfg-if",
 "futures-util",
 "wasm-bindgen",
]

[[package]]
name = "lazy_static"
version = "1.5.0"
source = "registry+https://github.com/rust-lang/crates.io-index"
checksum = "bbd2bcb4c963f2ddae06a2efc7e9f3591312473c50c6685e1f298068316e66fe"

[[package]]
name = "libc"
version = "0.2.189"
source = "registry+https://github.com/rust-lang/crates.io-index"
checksum = "3eaf3ede3fee6db1a4c2ee091bf8a8b4dccdc6d17f656fb07896ee72867612f2"

[[package]]
name = "locale-types"
version = "0.4.0"
source = "registry+https://github.com/rust-lang/crates.io-index"
checksum = "02be1c159bff06af0fdec8942a4f3a9242cc2ecebdfccb0d29d3c100ca5e7a97"
dependencies = [
 "lazy_static",
 "regex",
]

[[package]]
name = "locale_config"
version = "0.3.0"
source = "registry+https://github.com/rust-lang/crates.io-index"
checksum = "08d2c35b16f4483f6c26f0e4e9550717a2f6575bcd6f12a53ff0c490a94a6934"
dependencies = [
 "lazy_static",
 "objc",
 "objc-foundation",
 "regex",
 "winapi",
]

[[package]]
name = "log"
version = "0.4.34"
source = "registry+https://github.com/rust-lang/crates.io-index"
checksum = "f9f8bd3e56ce4dfc153cf470fffbfa98c7620958b312ca5c3a4b8d5181fd13c6"

[[package]]
name = "malloc_buf"
version = "0.0.6"
source = "registry+https://github.com/rust-lang/crates.io-index"
checksum = "62bb907fe88d54d8d9ce32a3cceab4218ed2f6b7d35617cafe9adf84e43919cb"
dependencies = [
 "libc",
]

[[package]]
name = "memchr"
version = "2.8.3"
source = "registry+https://github.com/rust-lang/crates.io-index"
checksum = "cf8baf1c55e62ffcace7a9f06f4bd9cd3f0c4beb022d3b367256b91b87513d98"

[[package]]
name = "memoffset"
version = "0.9.1"
source = "registry+https://github.com/rust-lang/crates.io-index"
checksum = "488016bfae457b036d996092f6cb448677611ce4449e970ceaf42695203f218a"
dependencies = [
 "autocfg",
]

[[package]]
name = "objc"
version = "0.2.7"
source = "registry+https://github.com/rust-lang/crates.io-index"
checksum = "915b1b472bc21c53464d6c8461c9d3af805ba1ef837e1cac254428f4a77177b1"
dependencies = [
 "malloc_buf",
]

[[package]]
name = "objc-foundation"
version = "0.1.1"
source = "registry+https://github.com/rust-lang/crates.io-index"
checksum = "1add1b659e36c9607c7aab864a76c7a4c2760cd0cd2e120f3fb8b952c7e22bf9"
dependencies = [
 "block",
 "objc",
 "objc_id",
]

[[package]]
name = "objc_id"
version = "0.1.1"
source = "registry+https://github.com/rust-lang/crates.io-index"
checksum = "c92d4ddb4bd7b50d730c215ff871754d0da6b2178849f8a2a2ab69712d0c073b"
dependencies = [
 "objc",
]

[[package]]
name = "once_cell"
version = "1.21.4"
source = "registry+https://github.com/rust-lang/crates.io-index"
checksum = "9f7c3e4beb33f85d45ae3e3a1792185706c8e16d043238c593331cc7cd313b50"

[[package]]
name = "once_cell_polyfill"
version = "1.70.2"
source = "registry+https://github.com/rust-lang/crates.io-index"
checksum = "384b8ab6d37215f3c5301a95a4accb5d64aa607f1fcb26a11b5303878451b4fe"

[[package]]
name = "pango"
version = "0.15.10"
source = "registry+https://github.com/rust-lang/crates.io-index"
checksum = "22e4045548659aee5313bde6c582b0d83a627b7904dd20dc2d9ef0895d414e4f"
dependencies = [
 "bitflags",
 "glib",
 "libc",
 "once_cell",
 "pango-sys",
]

[[package]]
name = "pango-sys"
version = "0.15.10"
source = "registry+https://github.com/rust-lang/crates.io-index"
checksum = "d2a00081cde4661982ed91d80ef437c20eacaf6aa1a5962c0279ae194662c3aa"
dependencies = [
 "glib-sys",
 "gobject-sys",
 "libc",
 "system-deps",
]

[[package]]
name = "pin-project-lite"
version = "0.2.17"
source = "registry+https://github.com/rust-lang/crates.io-index"
checksum = "a89322df9ebe1c1578d689c92318e070967d1042b512afbe49518723f4e6d5cd"

[[package]]
name = "pkg-config"
version = "0.3.34"
source = "registry+https://github.com/rust-lang/crates.io-index"
checksum = "f6b464fbc74e149a392436b17d523f769e057cb6877f6a5c4618bc6f11800548"

[[package]]
name = "portable-atomic"
version = "1.15.0"
source = "registry+https://github.com/rust-lang/crates.io-index"
checksum = "05c8b63e8d9609db387f0324918f81d68fe27748f084ef092fb35954d0539a85"

[[package]]
name = "portable-atomic-util"
version = "0.2.7"
source = "registry+https://github.com/rust-lang/crates.io-index"
checksum = "c2a106d1259c23fac8e543272398ae0e3c0b8d33c88ed73d0cc71b0f1d902618"
dependencies = [
 "portable-atomic",
]

[[package]]
name = "proc-macro-crate"
version = "1.3.1"
source = "registry+https://github.com/rust-lang/crates.io-index"
checksum = "7f4c021e1093a56626774e81216a4ce732a735e5bad4868a03f3ed65ca0c3919"
dependencies = [
 "once_cell",
 "toml_edit 0.19.15",
]

[[package]]
name = "proc-macro-error"
version = "1.0.4"
source = "registry+https://github.com/rust-lang/crates.io-index"
checksum = "da25490ff9892aab3fcf7c36f08cfb902dd3e71ca0f9f9517bea02a73a5ce38c"
dependencies = [
 "proc-macro-error-attr",
 "proc-macro2",
 "quote",
 "syn 1.0.109",
 "version_check",
]

[[package]]
name = "proc-macro-error-attr"
version = "1.0.4"
source = "registry+https://github.com/rust-lang/crates.io-index"
checksum = "a1be40180e52ecc98ad80b184934baf3d0d29f979574e439af5a55274b35f869"
dependencies = [
 "proc-macro2",
 "quote",
 "version_check",
]

[[package]]
name = "proc-macro2"
version = "1.0.107"
source = "registry+https://github.com/rust-lang/crates.io-index"
checksum = "985e7ec9bb745e6ce6535b544d84d6cd6f7ad8bd711c398938ae983b91a766d9"
dependencies = [
 "unicode-ident",
]

[[package]]
name = "quote"
version = "1.0.47"
source = "registry+https://github.com/rust-lang/crates.io-index"
checksum = "1fbf4db142a473a8d80c26bbf18454ed458bf8d26c8219c331daecfdbd079001"
dependencies = [
 "proc-macro2",
]

[[package]]
name = "r-efi"
version = "6.0.0"
source = "registry+https://github.com/rust-lang/crates.io-index"
checksum = "f8dcc9c7d52a811697d2151c701e0d08956f92b0e24136cf4cf27b57a6a0d9bf"

[[package]]
name = "regex"
version = "1.13.1"
source = "registry+https://github.com/rust-lang/crates.io-index"
checksum = "f020237b6c8eed93db2e2cb53c00c60a8e1bc73da7d073199a1180401450218d"
dependencies = [
 "aho-corasick",
 "memchr",
 "regex-automata",
 "regex-syntax",
]

[[package]]
name = "regex-automata"
version = "0.4.18"
source = "registry+https://github.com/rust-lang/crates.io-index"
checksum = "ad8553b9b26413251cbf30e620595c7a41b3887f03da04579c0e6b0d6a06b4b2"
dependencies = [
 "aho-corasick",
 "memchr",
 "regex-syntax",
]

[[package]]
name = "regex-syntax"
version = "0.8.11"
source = "registry+https://github.com/rust-lang/crates.io-index"
checksum = "d6f6ff9a378485b298a5286656da665ba74413d36db0979633275d2e708145d4"

[[package]]
name = "rustc_version"
version = "0.4.1"
source = "registry+https://github.com/rust-lang/crates.io-index"
checksum = "cfcb3a22ef46e85b45de6ee7e79d063319ebb6594faafcf1c225ea92ab6e9b92"
dependencies = [
 "semver",
]

[[package]]
name = "rustversion"
version = "1.0.23"
source = "registry+https://github.com/rust-lang/crates.io-index"
checksum = "cf54715a573b99ac80df0bc206da022bcd442c974952c7b9720069370852e21f"

[[package]]
name = "semver"
version = "1.0.28"
source = "registry+https://github.com/rust-lang/crates.io-index"
checksum = "8a7852d02fc848982e0c167ef163aaff9cd91dc640ba85e263cb1ce46fae51cd"

[[package]]
name = "serde"
version = "1.0.229"
source = "registry+https://github.com/rust-lang/crates.io-index"
checksum = "4148590afebada386688f18773da617792bf2ef03ffc1e4cbd2b1d45b023e0ba"
dependencies = [
 "serde_core",
]

[[package]]
name = "serde_core"
version = "1.0.229"
source = "registry+https://github.com/rust-lang/crates.io-index"
checksum = "67dca2c9c51e58a4791a4b1ed58308b39c64224d349a935ab5039aa360942a48"
dependencies = [
 "serde_derive",
]

[[package]]
name = "serde_derive"
version = "1.0.229"
source = "registry+https://github.com/rust-lang/crates.io-index"
checksum = "e7a5d71263a5a7d47b41f6b3f06ba276f10cc18b0931f1799f710578e2309348"
dependencies = [
 "proc-macro2",
 "quote",
 "syn 3.0.3",
]

[[package]]
name = "serde_spanned"
version = "0.6.9"
source = "registry+https://github.com/rust-lang/crates.io-index"
checksum = "bf41e0cfaf7226dca15e8197172c295a782857fcb97fad1808a166870dee75a3"
dependencies = [
 "serde",
]

[[package]]
name = "shlex"
version = "1.3.0"
source = "registry+https://github.com/rust-lang/crates.io-index"
checksum = "0fda2ff0d084019ba4d7c6f371c95d8fd75ce3524c3cb8fb653a3023f6323e64"

[[package]]
name = "shlex"
version = "2.0.1"
source = "registry+https://github.com/rust-lang/crates.io-index"
checksum = "f8fadd59c855ef2080decdef8ff161eb6661b86933c9d82e5ba29dc602a55aba"

[[package]]
name = "sirula"
version = "1.1.0"
dependencies = [
 "env_logger",
 "freedesktop-desktop-entry",
 "fuzzy-matcher",
 "gdk",
 "gio",
 "glib",
 "gtk",
 "gtk-layer-shell",
 "libc",
 "locale-types",
 "log",
 "pango",
 "regex",
 "serde",
 "serde_derive",
 "shlex 1.3.0",
 "toml 0.5.11",
 "uuid",
 "which",
 "xdg 2.5.2",
]

[[package]]
name = "slab"
version = "0.4.12"
source = "registry+https://github.com/rust-lang/crates.io-index"
checksum = "0c790de23124f9ab44544d7ac05d60440adc586479ce501c1d6d7da3cd8c9cf5"

[[package]]
name = "smallvec"
version = "1.15.2"
source = "registry+https://github.com/rust-lang/crates.io-index"
checksum = "8ed6a63f02c8539c91a8685a86f4099661ba3da017932f6ebbea6de3f0fa7c90"

[[package]]
name = "syn"
version = "1.0.109"
source = "registry+https://github.com/rust-lang/crates.io-index"
checksum = "72b64191b275b66ffe2469e8af2c1cfe3bafa67b529ead792a6d0160888b4237"
dependencies = [
 "proc-macro2",
 "quote",
 "unicode-ident",
]

[[package]]
name = "syn"
version = "2.0.119"
source = "registry+https://github.com/rust-lang/crates.io-index"
checksum = "872831b642d1a07999a962a351ed35b955ea2cfc8f3862091e2a240a84f17297"
dependencies = [
 "proc-macro2",
 "quote",
 "unicode-ident",
]

[[package]]
name = "syn"
version = "3.0.3"
source = "registry+https://github.com/rust-lang/crates.io-index"
checksum = "53e9bae58849f64dfa4f5d5ae372c8341f7305f82a3868709269343628b659a3"
dependencies = [
 "proc-macro2",
 "quote",
 "unicode-ident",
]

[[package]]
name = "system-deps"
version = "6.2.2"
source = "registry+https://github.com/rust-lang/crates.io-index"
checksum = "a3e535eb8dded36d55ec13eddacd30dec501792ff23a0b1682c38601b8cf2349"
dependencies = [
 "cfg-expr",
 "heck 0.5.0",
 "pkg-config",
 "toml 0.8.23",
 "version-compare",
]

[[package]]
name = "target-lexicon"
version = "0.12.16"
source = "registry+https://github.com/rust-lang/crates.io-index"
checksum = "61c41af27dd6d1e27b1b16b489db798443478cef1f06a660c96db617ba5de3b1"

[[package]]
name = "temp-dir"
version = "0.1.16"
source = "registry+https://github.com/rust-lang/crates.io-index"
checksum = "83176759e9416cf81ee66cb6508dbfe9c96f20b8b56265a39917551c23c70964"

[[package]]
name = "thiserror"
version = "1.0.69"
source = "registry+https://github.com/rust-lang/crates.io-index"
checksum = "b6aaf5339b578ea85b50e080feb250a3e8ae8cfcdff9a461c9ec2904bc923f52"
dependencies = [
 "thiserror-impl 1.0.69",
]

[[package]]
name = "thiserror"
version = "2.0.20"
source = "registry+https://github.com/rust-lang/crates.io-index"
checksum = "ec86235f5fcc2a73650310756d2ac5b138a5780bbbdfae3eeccec992c435ba4f"
dependencies = [
 "thiserror-impl 2.0.20",
]

[[package]]
name = "thiserror-impl"
version = "1.0.69"
source = "registry+https://github.com/rust-lang/crates.io-index"
checksum = "4fee6c4efc90059e10f81e6d42c60a18f76588c3d74cb83a0b242a2b6c7504c1"
dependencies = [
 "proc-macro2",
 "quote",
 "syn 2.0.119",
]

[[package]]
name = "thiserror-impl"
version = "2.0.20"
source = "registry+https://github.com/rust-lang/crates.io-index"
checksum = "bc04cd3e1236dd4a98afca4569f2deb3f120e5422a4023be2cb683f8486292af"
dependencies = [
 "proc-macro2",
 "quote",
 "syn 3.0.3",
]

[[package]]
name = "thread_local"
version = "1.1.10"
source = "registry+https://github.com/rust-lang/crates.io-index"
checksum = "1ad99c4c6d32803332c548b1af0540b357b3f5fc0be8f6c6bfe8b2e6ae784070"
dependencies = [
 "cfg-if",
]

[[package]]
name = "toml"
version = "0.5.11"
source = "registry+https://github.com/rust-lang/crates.io-index"
checksum = "f4f7f0dd8d50a853a531c426359045b1998f04219d88799810762cd4ad314234"
dependencies = [
 "serde",
]

[[package]]
name = "toml"
version = "0.8.23"
source = "registry+https://github.com/rust-lang/crates.io-index"
checksum = "dc1beb996b9d83529a9e75c17a1686767d148d70663143c7854d8b4a09ced362"
dependencies = [
 "serde",
 "serde_spanned",
 "toml_datetime",
 "toml_edit 0.22.27",
]

[[package]]
name = "toml_datetime"
version = "0.6.11"
source = "registry+https://github.com/rust-lang/crates.io-index"
checksum = "22cddaf88f4fbc13c51aebbf5f8eceb5c7c5a9da2ac40a13519eb5b0a0e8f11c"
dependencies = [
 "serde",
]

[[package]]
name = "toml_edit"
version = "0.19.15"
source = "registry+https://github.com/rust-lang/crates.io-index"
checksum = "1b5bb770da30e5cbfde35a2d7b9b8a2c4b8ef89548a7a6aeab5c9a576e3e7421"
dependencies = [
 "indexmap",
 "toml_datetime",
 "winnow 0.5.40",
]

[[package]]
name = "toml_edit"
version = "0.22.27"
source = "registry+https://github.com/rust-lang/crates.io-index"
checksum = "41fe8c660ae4257887cf66394862d21dbca4a6ddd26f04a3560410406a2f819a"
dependencies = [
 "indexmap",
 "serde",
 "serde_spanned",
 "toml_datetime",
 "winnow 0.7.15",
]

[[package]]
name = "unicase"
version = "2.9.0"
source = "registry+https://github.com/rust-lang/crates.io-index"
checksum = "dbc4bc3a9f746d862c45cb89d705aa10f187bb96c76001afab07a0d35ce60142"

[[package]]
name = "unicode-ident"
version = "1.0.24"
source = "registry+https://github.com/rust-lang/crates.io-index"
checksum = "e6e4313cd5fcd3dad5cafa179702e2b244f760991f45397d14d4ebf38247da75"

[[package]]
name = "utf8parse"
version = "0.2.2"
source = "registry+https://github.com/rust-lang/crates.io-index"
checksum = "06abde3611657adf66d383f00b093d7faecc7fa57071cce2578660c9f1010821"

[[package]]
name = "uuid"
version = "1.25.0"
source = "registry+https://github.com/rust-lang/crates.io-index"
checksum = "f053576934f05a761a402421fbbe3d425d9366f75f978806a037b3ca481abecc"
dependencies = [
 "getrandom",
 "js-sys",
 "wasm-bindgen",
]

[[package]]
name = "version-compare"
version = "0.2.1"
source = "registry+https://github.com/rust-lang/crates.io-index"
checksum = "03c2856837ef78f57382f06b2b8563a2f512f7185d732608fd9176cb3b8edf0e"

[[package]]
name = "version_check"
version = "0.9.5"
source = "registry+https://github.com/rust-lang/crates.io-index"
checksum = "0b928f33d975fc6ad9f86c8f283853ad26bdd5b10b7f1542aa2fa15e2289105a"

[[package]]
name = "wasm-bindgen"
version = "0.2.127"
source = "registry+https://github.com/rust-lang/crates.io-index"
checksum = "1b70935747edd64d89de3efa29d73789b806c15798f8e7dca4d8ac356b50ce70"
dependencies = [
 "cfg-if",
 "once_cell",
 "rustversion",
 "wasm-bindgen-macro",
 "wasm-bindgen-shared",
]

[[package]]
name = "wasm-bindgen-macro"
version = "0.2.127"
source = "registry+https://github.com/rust-lang/crates.io-index"
checksum = "77775f8f3f7217702089053b94958f8f54061a3f663417df76e19cbdcca29bc1"
dependencies = [
 "quote",
 "wasm-bindgen-macro-support",
]

[[package]]
name = "wasm-bindgen-macro-support"
version = "0.2.127"
source = "registry+https://github.com/rust-lang/crates.io-index"
checksum = "e11d33f857dc2fb11b8bc75aee111aa9cbeb12cd9f25efd3d4c2a3dd4e235284"
dependencies = [
 "bumpalo",
 "proc-macro2",
 "quote",
 "syn 2.0.119",
 "wasm-bindgen-shared",
]

[[package]]
name = "wasm-bindgen-shared"
version = "0.2.127"
source = "registry+https://github.com/rust-lang/crates.io-index"
checksum = "7ef64dbcc55df09c7e5a46182d181c2cfa3e925f3da937ea764728b4bbb9dcbf"
dependencies = [
 "unicode-ident",
]

[[package]]
name = "which"
version = "8.0.5"
source = "registry+https://github.com/rust-lang/crates.io-index"
checksum = "8f3ef584124b911bcc3875c2f1472e80f24361ceb789bd1c62b3e9a3df9ff43c"
dependencies = [
 "libc",
]

[[package]]
name = "winapi"
version = "0.3.9"
source = "registry+https://github.com/rust-lang/crates.io-index"
checksum = "5c839a674fcd7a98952e593242ea400abe93992746761e38641405d28b00f419"
dependencies = [
 "winapi-i686-pc-windows-gnu",
 "winapi-x86_64-pc-windows-gnu",
]

[[package]]
name = "winapi-i686-pc-windows-gnu"
version = "0.4.0"
source = "registry+https://github.com/rust-lang/crates.io-index"
checksum = "ac3b87c63620426dd9b991e5ce0329eff545bccbbb34f3be09ff6fb6ab51b7b6"

[[package]]
name = "winapi-x86_64-pc-windows-gnu"
version = "0.4.0"
source = "registry+https://github.com/rust-lang/crates.io-index"
checksum = "712e227841d057c1ee1cd2fb22fa7e5a5461ae8e48fa2ca79ec42cfc1931183f"

[[package]]
name = "windows-link"
version = "0.2.1"
source = "registry+https://github.com/rust-lang/crates.io-index"
checksum = "f0805222e57f7521d6a62e36fa9163bc891acd422f971defe97d64e70d0a4fe5"

[[package]]
name = "windows-sys"
version = "0.61.2"
source = "registry+https://github.com/rust-lang/crates.io-index"
checksum = "ae137229bcbd6cdf0f7b80a31df61766145077ddf49416a728b02cb3921ff3fc"
dependencies = [
 "windows-link",
]

[[package]]
name = "winnow"
version = "0.5.40"
source = "registry+https://github.com/rust-lang/crates.io-index"
checksum = "f593a95398737aeed53e489c785df13f3618e41dbcd6718c6addbf1395aa6876"
dependencies = [
 "memchr",
]

[[package]]
name = "winnow"
version = "0.7.15"
source = "registry+https://github.com/rust-lang/crates.io-index"
checksum = "df79d97927682d2fd8adb29682d1140b343be4ac0f08fd68b7765d9c059d3945"
dependencies = [
 "memchr",
]

[[package]]
name = "xdg"
version = "2.5.2"
source = "registry+https://github.com/rust-lang/crates.io-index"
checksum = "213b7324336b53d2414b2db8537e56544d981803139155afa84f76eeebb7a546"

[[package]]
name = "xdg"
version = "3.0.0"
source = "registry+https://github.com/rust-lang/crates.io-index"
checksum = "2fb433233f2df9344722454bc7e96465c9d03bff9d77c248f9e7523fe79585b5"
